
Microsoft Visual Studio Solution File, Format Version 12.00
# Visual Studio 15
VisualStudioVersion = 15.0.28307.136
MinimumVisualStudioVersion = 10.0.40219.1
Project("{FAE04EC0-301F-11D3-BF4B-00C04F79EFBC}") = "testgit", "testgit\testgit.csproj", "{96EE7674-FE90-4BC9-8093-DBCB5E2C9751}"
EndProject
Global
	GlobalSection(SolutionConfigurationPlatforms) = preSolution
		Debug|Any CPU = Debug|Any CPU
		Release|Any CPU = Release|Any CPU
	EndGlobalSection
	GlobalSection(ProjectConfigurationPlatforms) = postSolution
		{96EE7674-FE90-4BC9-8093-DBCB5E2C9751}.Debug|Any CPU.ActiveCfg = Debug|Any CPU
		{96EE7674-FE90-4BC9-8093-DBCB5E2C9751}.Debug|Any CPU.Build.0 = Debug|Any CPU
		{96EE7674-FE90-4BC9-8093-DBCB5E2C9751}.Release|Any CPU.ActiveCfg = Release|Any CPU
		{96EE7674-FE90-4BC9-8093-DBCB5E2C9751}.Release|Any CPU.Build.0 = Release|Any CPU
	EndGlobalSection
	GlobalSection(SolutionProperties) = preSolution
		HideSolutionNode = FALSE
	EndGlobalSection
	GlobalSection(ExtensibilityGlobals) = postSolution
		SolutionGuid = {625FA8BA-82BF-476C-87BA-290D82CB41AD}
	EndGlobalSection
EndGlobal
